
Microsoft Visual Studio Solution File, Format Version 12.00
# Visual Studio 15
VisualStudioVersion = 15.0.27130.2003
MinimumVisualStudioVersion = 10.0.40219.1
Project("{9A19103F-16F7-4668-BE54-9A1E7A4F7556}") = "PcapNet", "PcapNet\PcapNet.csproj", "{79010F61-6DB4-4505-901F-4EE96EAB29A3}"
EndProject
Project("{FAE04EC0-301F-11D3-BF4B-00C04F79EFBC}") = "PcapNet.Test", "PcapNet.Test\PcapNet.Test.csproj", "{0A0B9B5E-06B5-4CE6-B5B9-8A1702739653}"
EndProject
Global
	GlobalSection(SolutionConfigurationPlatforms) = preSolution
		Debug|Any CPU = Debug|Any CPU
		Release|Any CPU = Release|Any CPU
	EndGlobalSection
	GlobalSection(ProjectConfigurationPlatforms) = postSolution
		{79010F61-6DB4-4505-901F-4EE96EAB29A3}.Debug|Any CPU.ActiveCfg = Debug|Any CPU
		{79010F61-6DB4-4505-901F-4EE96EAB29A3}.Debug|Any CPU.Build.0 = Debug|Any CPU
		{79010F61-6DB4-4505-901F-4EE96EAB29A3}.Release|Any CPU.ActiveCfg = Release|Any CPU
		{79010F61-6DB4-4505-901F-4EE96EAB29A3}.Release|Any CPU.Build.0 = Release|Any CPU
		{0A0B9B5E-06B5-4CE6-B5B9-8A1702739653}.Debug|Any CPU.ActiveCfg = Debug|Any CPU
		{0A0B9B5E-06B5-4CE6-B5B9-8A1702739653}.Debug|Any CPU.Build.0 = Debug|Any CPU
		{0A0B9B5E-06B5-4CE6-B5B9-8A1702739653}.Release|Any CPU.ActiveCfg = Release|Any CPU
		{0A0B9B5E-06B5-4CE6-B5B9-8A1702739653}.Release|Any CPU.Build.0 = Release|Any CPU
	EndGlobalSection
	GlobalSection(SolutionProperties) = preSolution
		HideSolutionNode = FALSE
	EndGlobalSection
	GlobalSection(ExtensibilityGlobals) = postSolution
		SolutionGuid = {399DAE87-00F0-427E-87C1-B39ED50D4887}
	EndGlobalSection
EndGlobal
